// !$*UTF8*$!
{
	archiveVersion = 1;
	classes = {
	};
	objectVersion = 46;
	objects = {

/* Begin PBXBuildFile section */
		14566D59185D4BC0000A00A2 /* Consumable.m in Sources */ = {isa = PBXBuildFile; fileRef = 14566D58185D4BC0000A00A2 /* Consumable.m */; };
		14566D5C185D4C0B000A00A2 /* Potion.m in Sources */ = {isa = PBXBuildFile; fileRef = 14566D5B185D4C0B000A00A2 /* Potion.m */; };
		14566D5F185D60CE000A00A2 /* Sword.m in Sources */ = {isa = PBXBuildFile; fileRef = 14566D5E185D60CE000A00A2 /* Sword.m */; };
		14566D62185D61F3000A00A2 /* Container.m in Sources */ = {isa = PBXBuildFile; fileRef = 14566D61185D61F3000A00A2 /* Container.m */; };
		14566D65185D92F9000A00A2 /* SysAlerts.m in Sources */ = {isa = PBXBuildFile; fileRef = 14566D64185D92F9000A00A2 /* SysAlerts.m */; };
		14A349941867A09B00A786BE /* Equipment.m in Sources */ = {isa = PBXBuildFile; fileRef = 14A349931867A09B00A786BE /* Equipment.m */; };
		14A349971867EC2500A786BE /* Armor.m in Sources */ = {isa = PBXBuildFile; fileRef = 14A349961867EC2400A786BE /* Armor.m */; };
		14A3E98A185D26AA00B62004 /* Foundation.framework in Frameworks */ = {isa = PBXBuildFile; fileRef = 14A3E989185D26AA00B62004 /* Foundation.framework */; };
		14A3E98C185D26AA00B62004 /* CoreGraphics.framework in Frameworks */ = {isa = PBXBuildFile; fileRef = 14A3E98B185D26AA00B62004 /* CoreGraphics.framework */; };
		14A3E98E185D26AA00B62004 /* UIKit.framework in Frameworks */ = {isa = PBXBuildFile; fileRef = 14A3E98D185D26AA00B62004 /* UIKit.framework */; };
		14A3E994185D26AA00B62004 /* InfoPlist.strings in Resources */ = {isa = PBXBuildFile; fileRef = 14A3E992185D26AA00B62004 /* InfoPlist.strings */; };
		14A3E996185D26AA00B62004 /* main.m in Sources */ = {isa = PBXBuildFile; fileRef = 14A3E995185D26AA00B62004 /* main.m */; };
		14A3E99A185D26AA00B62004 /* betaDetroitAppDelegate.m in Sources */ = {isa = PBXBuildFile; fileRef = 14A3E999185D26AA00B62004 /* betaDetroitAppDelegate.m */; };
		14A3E99D185D26AA00B62004 /* Main.storyboard in Resources */ = {isa = PBXBuildFile; fileRef = 14A3E99B185D26AA00B62004 /* Main.storyboard */; };
		14A3E9A0185D26AA00B62004 /* betaDetroitViewController.m in Sources */ = {isa = PBXBuildFile; fileRef = 14A3E99F185D26AA00B62004 /* betaDetroitViewController.m */; };
		14A3E9A2185D26AA00B62004 /* Images.xcassets in Resources */ = {isa = PBXBuildFile; fileRef = 14A3E9A1185D26AA00B62004 /* Images.xcassets */; };
		14A3E9A9185D26AA00B62004 /* XCTest.framework in Frameworks */ = {isa = PBXBuildFile; fileRef = 14A3E9A8185D26AA00B62004 /* XCTest.framework */; };
		14A3E9AA185D26AA00B62004 /* Foundation.framework in Frameworks */ = {isa = PBXBuildFile; fileRef = 14A3E989185D26AA00B62004 /* Foundation.framework */; };
		14A3E9AB185D26AA00B62004 /* UIKit.framework in Frameworks */ = {isa = PBXBuildFile; fileRef = 14A3E98D185D26AA00B62004 /* UIKit.framework */; };
		14A3E9B3185D26AA00B62004 /* InfoPlist.strings in Resources */ = {isa = PBXBuildFile; fileRef = 14A3E9B1185D26AA00B62004 /* InfoPlist.strings */; };
		14A3E9B5185D26AA00B62004 /* battleEngineTests.m in Sources */ = {isa = PBXBuildFile; fileRef = 14A3E9B4185D26AA00B62004 /* battleEngineTests.m */; };
		14A3E9C7185D3E6B00B62004 /* background.png in Resources */ = {isa = PBXBuildFile; fileRef = 14A3E9BF185D3E6B00B62004 /* background.png */; };
		14A3E9C8185D3E6B00B62004 /* knight-03.png in Resources */ = {isa = PBXBuildFile; fileRef = 14A3E9C0185D3E6B00B62004 /* knight-03.png */; };
		14A3E9C9185D3E6B00B62004 /* mindflayer.png in Resources */ = {isa = PBXBuildFile; fileRef = 14A3E9C1185D3E6B00B62004 /* mindflayer.png */; };
		14A3E9CA185D3E6B00B62004 /* rogue.png in Resources */ = {isa = PBXBuildFile; fileRef = 14A3E9C2185D3E6B00B62004 /* rogue.png */; };
		14A3E9CB185D3E6B00B62004 /* text box-03.png in Resources */ = {isa = PBXBuildFile; fileRef = 14A3E9C3185D3E6B00B62004 /* text box-03.png */; };
		14A3E9CC185D3E6B00B62004 /* treant-03.png in Resources */ = {isa = PBXBuildFile; fileRef = 14A3E9C4185D3E6B00B62004 /* treant-03.png */; };
		14A3E9CD185D3E6B00B62004 /* WaterSprite.png in Resources */ = {isa = PBXBuildFile; fileRef = 14A3E9C5185D3E6B00B62004 /* WaterSprite.png */; };
		14A3E9CE185D3E6B00B62004 /* wizard.png in Resources */ = {isa = PBXBuildFile; fileRef = 14A3E9C6185D3E6B00B62004 /* wizard.png */; };
		14A3E9D0185D3F3C00B62004 /* background-iphone.png in Resources */ = {isa = PBXBuildFile; fileRef = 14A3E9CF185D3F3C00B62004 /* background-iphone.png */; };
		14A3E9D2185D417400B62004 /* text box-iphone copy.png in Resources */ = {isa = PBXBuildFile; fileRef = 14A3E9D1185D417400B62004 /* text box-iphone copy.png */; };
		14B1C588186157E800AC47C2 /* Weapons.m in Sources */ = {isa = PBXBuildFile; fileRef = 14B1C587186157E800AC47C2 /* Weapons.m */; };
		14CA772E185D45720003E8D0 /* Unit.m in Sources */ = {isa = PBXBuildFile; fileRef = 14CA772D185D45720003E8D0 /* Unit.m */; };
		14CA7731185D459A0003E8D0 /* Skills.m in Sources */ = {isa = PBXBuildFile; fileRef = 14CA7730185D459A0003E8D0 /* Skills.m */; };
		14CA7734185D45AD0003E8D0 /* Item.m in Sources */ = {isa = PBXBuildFile; fileRef = 14CA7733185D45AD0003E8D0 /* Item.m */; };
		3E94F055185E8151001464F6 /* Creatures.m in Sources */ = {isa = PBXBuildFile; fileRef = 3E94F054185E8151001464F6 /* Creatures.m */; };
/* End PBXBuildFile section */

/* Begin PBXContainerItemProxy section */
		14A3E9AC185D26AA00B62004 /* PBXContainerItemProxy */ = {
			isa = PBXContainerItemProxy;
			containerPortal = 14A3E97E185D26AA00B62004 /* Project object */;
			proxyType = 1;
			remoteGlobalIDString = 14A3E985185D26AA00B62004;
			remoteInfo = battleEngine;
		};
/* End PBXContainerItemProxy section */

/* Begin PBXFileReference section */
		14566D57185D4BC0000A00A2 /* Consumable.h */ = {isa = PBXFileReference; fileEncoding = 4; lastKnownFileType = sourcecode.c.h; path = Consumable.h; sourceTree = "<group>"; };
		14566D58185D4BC0000A00A2 /* Consumable.m */ = {isa = PBXFileReference; fileEncoding = 4; lastKnownFileType = sourcecode.c.objc; path = Consumable.m; sourceTree = "<group>"; };
		14566D5A185D4C0B000A00A2 /* Potion.h */ = {isa = PBXFileReference; fileEncoding = 4; lastKnownFileType = sourcecode.c.h; path = Potion.h; sourceTree = "<group>"; };
		14566D5B185D4C0B000A00A2 /* Potion.m */ = {isa = PBXFileReference; fileEncoding = 4; lastKnownFileType = sourcecode.c.objc; path = Potion.m; sourceTree = "<group>"; };
		14566D5D185D60CE000A00A2 /* Sword.h */ = {isa = PBXFileReference; fileEncoding = 4; lastKnownFileType = sourcecode.c.h; path = Sword.h; sourceTree = "<group>"; };
		14566D5E185D60CE000A00A2 /* Sword.m */ = {isa = PBXFileReference; fileEncoding = 4; lastKnownFileType = sourcecode.c.objc; path = Sword.m; sourceTree = "<group>"; };
		14566D60185D61F3000A00A2 /* Container.h */ = {isa = PBXFileReference; fileEncoding = 4; lastKnownFileType = sourcecode.c.h; path = Container.h; sourceTree = "<group>"; };
		14566D61185D61F3000A00A2 /* Container.m */ = {isa = PBXFileReference; fileEncoding = 4; lastKnownFileType = sourcecode.c.objc; path = Container.m; sourceTree = "<group>"; };
		14566D63185D92F9000A00A2 /* SysAlerts.h */ = {isa = PBXFileReference; fileEncoding = 4; lastKnownFileType = sourcecode.c.h; path = SysAlerts.h; sourceTree = "<group>"; };
		14566D64185D92F9000A00A2 /* SysAlerts.m */ = {isa = PBXFileReference; fileEncoding = 4; lastKnownFileType = sourcecode.c.objc; path = SysAlerts.m; sourceTree = "<group>"; };
		14A349921867A09B00A786BE /* Equipment.h */ = {isa = PBXFileReference; fileEncoding = 4; lastKnownFileType = sourcecode.c.h; path = Equipment.h; sourceTree = "<group>"; };
		14A349931867A09B00A786BE /* Equipment.m */ = {isa = PBXFileReference; fileEncoding = 4; lastKnownFileType = sourcecode.c.objc; path = Equipment.m; sourceTree = "<group>"; };
		14A349951867EC2400A786BE /* Armor.h */ = {isa = PBXFileReference; fileEncoding = 4; lastKnownFileType = sourcecode.c.h; path = Armor.h; sourceTree = "<group>"; };
		14A349961867EC2400A786BE /* Armor.m */ = {isa = PBXFileReference; fileEncoding = 4; lastKnownFileType = sourcecode.c.objc; path = Armor.m; sourceTree = "<group>"; };
		14A3E986185D26AA00B62004 /* battleEngine.app */ = {isa = PBXFileReference; explicitFileType = wrapper.application; includeInIndex = 0; path = battleEngine.app; sourceTree = BUILT_PRODUCTS_DIR; };
		14A3E989185D26AA00B62004 /* Foundation.framework */ = {isa = PBXFileReference; lastKnownFileType = wrapper.framework; name = Foundation.framework; path = System/Library/Frameworks/Foundation.framework; sourceTree = SDKROOT; };
		14A3E98B185D26AA00B62004 /* CoreGraphics.framework */ = {isa = PBXFileReference; lastKnownFileType = wrapper.framework; name = CoreGraphics.framework; path = System/Library/Frameworks/CoreGraphics.framework; sourceTree = SDKROOT; };
		14A3E98D185D26AA00B62004 /* UIKit.framework */ = {isa = PBXFileReference; lastKnownFileType = wrapper.framework; name = UIKit.framework; path = System/Library/Frameworks/UIKit.framework; sourceTree = SDKROOT; };
		14A3E991185D26AA00B62004 /* battleEngine-Info.plist */ = {isa = PBXFileReference; lastKnownFileType = text.plist.xml; path = "battleEngine-Info.plist"; sourceTree = "<group>"; };
		14A3E993185D26AA00B62004 /* en */ = {isa = PBXFileReference; lastKnownFileType = text.plist.strings; name = en; path = en.lproj/InfoPlist.strings; sourceTree = "<group>"; };
		14A3E995185D26AA00B62004 /* main.m */ = {isa = PBXFileReference; lastKnownFileType = sourcecode.c.objc; path = main.m; sourceTree = "<group>"; };
		14A3E997185D26AA00B62004 /* battleEngine-Prefix.pch */ = {isa = PBXFileReference; lastKnownFileType = sourcecode.c.h; path = "battleEngine-Prefix.pch"; sourceTree = "<group>"; };
		14A3E998185D26AA00B62004 /* betaDetroitAppDelegate.h */ = {isa = PBXFileReference; lastKnownFileType = sourcecode.c.h; path = betaDetroitAppDelegate.h; sourceTree = "<group>"; };
		14A3E999185D26AA00B62004 /* betaDetroitAppDelegate.m */ = {isa = PBXFileReference; lastKnownFileType = sourcecode.c.objc; path = betaDetroitAppDelegate.m; sourceTree = "<group>"; };
		14A3E99C185D26AA00B62004 /* Base */ = {isa = PBXFileReference; lastKnownFileType = file.storyboard; name = Base; path = Base.lproj/Main.storyboard; sourceTree = "<group>"; };
		14A3E99E185D26AA00B62004 /* betaDetroitViewController.h */ = {isa = PBXFileReference; lastKnownFileType = sourcecode.c.h; path = betaDetroitViewController.h; sourceTree = "<group>"; };
		14A3E99F185D26AA00B62004 /* betaDetroitViewController.m */ = {isa = PBXFileReference; lastKnownFileType = sourcecode.c.objc; path = betaDetroitViewController.m; sourceTree = "<group>"; };
		14A3E9A1185D26AA00B62004 /* Images.xcassets */ = {isa = PBXFileReference; lastKnownFileType = folder.assetcatalog; path = Images.xcassets; sourceTree = "<group>"; };
		14A3E9A7185D26AA00B62004 /* battleEngineTests.xctest */ = {isa = PBXFileReference; explicitFileType = wrapper.cfbundle; includeInIndex = 0; path = battleEngineTests.xctest; sourceTree = BUILT_PRODUCTS_DIR; };
		14A3E9A8185D26AA00B62004 /* XCTest.framework */ = {isa = PBXFileReference; lastKnownFileType = wrapper.framework; name = XCTest.framework; path = Library/Frameworks/XCTest.framework; sourceTree = DEVELOPER_DIR; };
		14A3E9B0185D26AA00B62004 /* battleEngineTests-Info.plist */ = {isa = PBXFileReference; lastKnownFileType = text.plist.xml; path = "battleEngineTests-Info.plist"; sourceTree = "<group>"; };
		14A3E9B2185D26AA00B62004 /* en */ = {isa = PBXFileReference; lastKnownFileType = text.plist.strings; name = en; path = en.lproj/InfoPlist.strings; sourceTree = "<group>"; };
		14A3E9B4185D26AA00B62004 /* battleEngineTests.m */ = {isa = PBXFileReference; lastKnownFileType = sourcecode.c.objc; path = battleEngineTests.m; sourceTree = "<group>"; };
		14A3E9BF185D3E6B00B62004 /* background.png */ = {isa = PBXFileReference; lastKnownFileType = image.png; path = background.png; sourceTree = "<group>"; };
		14A3E9C0185D3E6B00B62004 /* knight-03.png */ = {isa = PBXFileReference; lastKnownFileType = image.png; path = "knight-03.png"; sourceTree = "<group>"; };
		14A3E9C1185D3E6B00B62004 /* mindflayer.png */ = {isa = PBXFileReference; lastKnownFileType = image.png; path = mindflayer.png; sourceTree = "<group>"; };
		14A3E9C2185D3E6B00B62004 /* rogue.png */ = {isa = PBXFileReference; lastKnownFileType = image.png; path = rogue.png; sourceTree = "<group>"; };
		14A3E9C3185D3E6B00B62004 /* text box-03.png */ = {isa = PBXFileReference; lastKnownFileType = image.png; path = "text box-03.png"; sourceTree = "<group>"; };
		14A3E9C4185D3E6B00B62004 /* treant-03.png */ = {isa = PBXFileReference; lastKnownFileType = image.png; path = "treant-03.png"; sourceTree = "<group>"; };
		14A3E9C5185D3E6B00B62004 /* WaterSprite.png */ = {isa = PBXFileReference; lastKnownFileType = image.png; path = WaterSprite.png; sourceTree = "<group>"; };
		14A3E9C6185D3E6B00B62004 /* wizard.png */ = {isa = PBXFileReference; lastKnownFileType = image.png; path = wizard.png; sourceTree = "<group>"; };
		14A3E9CF185D3F3C00B62004 /* background-iphone.png */ = {isa = PBXFileReference; lastKnownFileType = image.png; path = "background-iphone.png"; sourceTree = "<group>"; };
		14A3E9D1185D417400B62004 /* text box-iphone copy.png */ = {isa = PBXFileReference; lastKnownFileType = image.png; path = "text box-iphone copy.png"; sourceTree = "<group>"; };
		14B1C586186157E800AC47C2 /* Weapons.h */ = {isa = PBXFileReference; fileEncoding = 4; lastKnownFileType = sourcecode.c.h; path = Weapons.h; sourceTree = "<group>"; };
		14B1C587186157E800AC47C2 /* Weapons.m */ = {isa = PBXFileReference; fileEncoding = 4; lastKnownFileType = sourcecode.c.objc; path = Weapons.m; sourceTree = "<group>"; };
		14CA772C185D45720003E8D0 /* Unit.h */ = {isa = PBXFileReference; fileEncoding = 4; lastKnownFileType = sourcecode.c.h; path = Unit.h; sourceTree = "<group>"; };
		14CA772D185D45720003E8D0 /* Unit.m */ = {isa = PBXFileReference; fileEncoding = 4; lastKnownFileType = sourcecode.c.objc; path = Unit.m; sourceTree = "<group>"; };
		14CA772F185D459A0003E8D0 /* Skills.h */ = {isa = PBXFileReference; fileEncoding = 4; lastKnownFileType = sourcecode.c.h; path = Skills.h; sourceTree = "<group>"; };
		14CA7730185D459A0003E8D0 /* Skills.m */ = {isa = PBXFileReference; fileEncoding = 4; lastKnownFileType = sourcecode.c.objc; path = Skills.m; sourceTree = "<group>"; };
		14CA7732185D45AD0003E8D0 /* Item.h */ = {isa = PBXFileReference; fileEncoding = 4; lastKnownFileType = sourcecode.c.h; path = Item.h; sourceTree = "<group>"; };
		14CA7733185D45AD0003E8D0 /* Item.m */ = {isa = PBXFileReference; fileEncoding = 4; lastKnownFileType = sourcecode.c.objc; path = Item.m; sourceTree = "<group>"; };
		3E94F053185E8151001464F6 /* Creatures.h */ = {isa = PBXFileReference; fileEncoding = 4; lastKnownFileType = sourcecode.c.h; path = Creatures.h; sourceTree = "<group>"; };
		3E94F054185E8151001464F6 /* Creatures.m */ = {isa = PBXFileReference; fileEncoding = 4; lastKnownFileType = sourcecode.c.objc; path = Creatures.m; sourceTree = "<group>"; };
/* End PBXFileReference section */

/* Begin PBXFrameworksBuildPhase section */
		14A3E983185D26AA00B62004 /* Frameworks */ = {
			isa = PBXFrameworksBuildPhase;
			buildActionMask = 2147483647;
			files = (
				14A3E98C185D26AA00B62004 /* CoreGraphics.framework in Frameworks */,
				14A3E98E185D26AA00B62004 /* UIKit.framework in Frameworks */,
				14A3E98A185D26AA00B62004 /* Foundation.framework in Frameworks */,
			);
			runOnlyForDeploymentPostprocessing = 0;
		};
		14A3E9A4185D26AA00B62004 /* Frameworks */ = {
			isa = PBXFrameworksBuildPhase;
			buildActionMask = 2147483647;
			files = (
				14A3E9A9185D26AA00B62004 /* XCTest.framework in Frameworks */,
				14A3E9AB185D26AA00B62004 /* UIKit.framework in Frameworks */,
				14A3E9AA185D26AA00B62004 /* Foundation.framework in Frameworks */,
			);
			runOnlyForDeploymentPostprocessing = 0;
		};
/* End PBXFrameworksBuildPhase section */

/* Begin PBXGroup section */
		14566D69185E8385000A00A2 /* Consumables */ = {
			isa = PBXGroup;
			children = (
				14566D5A185D4C0B000A00A2 /* Potion.h */,
				14566D5B185D4C0B000A00A2 /* Potion.m */,
				14566D57185D4BC0000A00A2 /* Consumable.h */,
				14566D58185D4BC0000A00A2 /* Consumable.m */,
			);
			name = Consumables;
			sourceTree = "<group>";
		};
		14A3E97D185D26AA00B62004 = {
			isa = PBXGroup;
			children = (
				14A3E98F185D26AA00B62004 /* battleEngine */,
				14A3E9AE185D26AA00B62004 /* battleEngineTests */,
				14A3E988185D26AA00B62004 /* Frameworks */,
				14A3E987185D26AA00B62004 /* Products */,
			);
			sourceTree = "<group>";
		};
		14A3E987185D26AA00B62004 /* Products */ = {
			isa = PBXGroup;
			children = (
				14A3E986185D26AA00B62004 /* battleEngine.app */,
				14A3E9A7185D26AA00B62004 /* battleEngineTests.xctest */,
			);
			name = Products;
			sourceTree = "<group>";
		};
		14A3E988185D26AA00B62004 /* Frameworks */ = {
			isa = PBXGroup;
			children = (
				14A3E989185D26AA00B62004 /* Foundation.framework */,
				14A3E98B185D26AA00B62004 /* CoreGraphics.framework */,
				14A3E98D185D26AA00B62004 /* UIKit.framework */,
				14A3E9A8185D26AA00B62004 /* XCTest.framework */,
			);
			name = Frameworks;
			sourceTree = "<group>";
		};
		14A3E98F185D26AA00B62004 /* battleEngine */ = {
			isa = PBXGroup;
			children = (
				14A3E99B185D26AA00B62004 /* Main.storyboard */,
				14A3E99E185D26AA00B62004 /* betaDetroitViewController.h */,
				14A3E99F185D26AA00B62004 /* betaDetroitViewController.m */,
				14566D63185D92F9000A00A2 /* SysAlerts.h */,
				14566D64185D92F9000A00A2 /* SysAlerts.m */,
				14CA7735185D45BA0003E8D0 /* Units */,
				14CA7736185D45C20003E8D0 /* Skills */,
				14CA7737185D45CA0003E8D0 /* Items */,
				14A3E9A1185D26AA00B62004 /* Images.xcassets */,
				14A3E9BE185D3E6B00B62004 /* Images */,
				14A3E998185D26AA00B62004 /* betaDetroitAppDelegate.h */,
				14A3E999185D26AA00B62004 /* betaDetroitAppDelegate.m */,
				14A3E990185D26AA00B62004 /* Supporting Files */,
			);
			path = battleEngine;
			sourceTree = "<group>";
		};
		14A3E990185D26AA00B62004 /* Supporting Files */ = {
			isa = PBXGroup;
			children = (
				14A3E991185D26AA00B62004 /* battleEngine-Info.plist */,
				14A3E992185D26AA00B62004 /* InfoPlist.strings */,
				14A3E995185D26AA00B62004 /* main.m */,
				14A3E997185D26AA00B62004 /* battleEngine-Prefix.pch */,
			);
			name = "Supporting Files";
			sourceTree = "<group>";
		};
		14A3E9AE185D26AA00B62004 /* battleEngineTests */ = {
			isa = PBXGroup;
			children = (
				14A3E9B4185D26AA00B62004 /* battleEngineTests.m */,
				14A3E9AF185D26AA00B62004 /* Supporting Files */,
			);
			path = battleEngineTests;
			sourceTree = "<group>";
		};
		14A3E9AF185D26AA00B62004 /* Supporting Files */ = {
			isa = PBXGroup;
			children = (
				14A3E9B0185D26AA00B62004 /* battleEngineTests-Info.plist */,
				14A3E9B1185D26AA00B62004 /* InfoPlist.strings */,
			);
			name = "Supporting Files";
			sourceTree = "<group>";
		};
		14A3E9BE185D3E6B00B62004 /* Images */ = {
			isa = PBXGroup;
			children = (
				14A3E9D1185D417400B62004 /* text box-iphone copy.png */,
				14A3E9CF185D3F3C00B62004 /* background-iphone.png */,
				14A3E9BF185D3E6B00B62004 /* background.png */,
				14A3E9C0185D3E6B00B62004 /* knight-03.png */,
				14A3E9C1185D3E6B00B62004 /* mindflayer.png */,
				14A3E9C2185D3E6B00B62004 /* rogue.png */,
				14A3E9C3185D3E6B00B62004 /* text box-03.png */,
				14A3E9C4185D3E6B00B62004 /* treant-03.png */,
				14A3E9C5185D3E6B00B62004 /* WaterSprite.png */,
				14A3E9C6185D3E6B00B62004 /* wizard.png */,
			);
			path = Images;
			sourceTree = "<group>";
		};
		14B1C5891861580500AC47C2 /* Equipment */ = {
			isa = PBXGroup;
			children = (
				14A349921867A09B00A786BE /* Equipment.h */,
				14A349951867EC2400A786BE /* Armor.h */,
				14A349961867EC2400A786BE /* Armor.m */,
				14A349931867A09B00A786BE /* Equipment.m */,
				14B1C586186157E800AC47C2 /* Weapons.h */,
				14B1C587186157E800AC47C2 /* Weapons.m */,
				14566D5D185D60CE000A00A2 /* Sword.h */,
				14566D5E185D60CE000A00A2 /* Sword.m */,
			);
			name = Equipment;
			sourceTree = "<group>";
		};
		14CA7735185D45BA0003E8D0 /* Units */ = {
			isa = PBXGroup;
			children = (
				14CA772C185D45720003E8D0 /* Unit.h */,
				14CA772D185D45720003E8D0 /* Unit.m */,
				3E94F053185E8151001464F6 /* Creatures.h */,
				3E94F054185E8151001464F6 /* Creatures.m */,
			);
			name = Units;
			sourceTree = "<group>";
		};
		14CA7736185D45C20003E8D0 /* Skills */ = {
			isa = PBXGroup;
			children = (
				14CA772F185D459A0003E8D0 /* Skills.h */,
				14CA7730185D459A0003E8D0 /* Skills.m */,
			);
			name = Skills;
			sourceTree = "<group>";
		};
		14CA7737185D45CA0003E8D0 /* Items */ = {
			isa = PBXGroup;
			children = (
				14CA7732185D45AD0003E8D0 /* Item.h */,
				14CA7733185D45AD0003E8D0 /* Item.m */,
				14566D60185D61F3000A00A2 /* Container.h */,
				14566D61185D61F3000A00A2 /* Container.m */,
				14B1C5891861580500AC47C2 /* Equipment */,
				14566D69185E8385000A00A2 /* Consumables */,
			);
			name = Items;
			sourceTree = "<group>";
		};
/* End PBXGroup section */

/* Begin PBXNativeTarget section */
		14A3E985185D26AA00B62004 /* battleEngine */ = {
			isa = PBXNativeTarget;
			buildConfigurationList = 14A3E9B8185D26AA00B62004 /* Build configuration list for PBXNativeTarget "battleEngine" */;
			buildPhases = (
				14A3E982185D26AA00B62004 /* Sources */,
				14A3E983185D26AA00B62004 /* Frameworks */,
				14A3E984185D26AA00B62004 /* Resources */,
			);
			buildRules = (
			);
			dependencies = (
			);
			name = battleEngine;
			productName = battleEngine;
			productReference = 14A3E986185D26AA00B62004 /* battleEngine.app */;
			productType = "com.apple.product-type.application";
		};
		14A3E9A6185D26AA00B62004 /* battleEngineTests */ = {
			isa = PBXNativeTarget;
			buildConfigurationList = 14A3E9BB185D26AA00B62004 /* Build configuration list for PBXNativeTarget "battleEngineTests" */;
			buildPhases = (
				14A3E9A3185D26AA00B62004 /* Sources */,
				14A3E9A4185D26AA00B62004 /* Frameworks */,
				14A3E9A5185D26AA00B62004 /* Resources */,
			);
			buildRules = (
			);
			dependencies = (
				14A3E9AD185D26AA00B62004 /* PBXTargetDependency */,
			);
			name = battleEngineTests;
			productName = battleEngineTests;
			productReference = 14A3E9A7185D26AA00B62004 /* battleEngineTests.xctest */;
			productType = "com.apple.product-type.bundle.unit-test";
		};
/* End PBXNativeTarget section */

/* Begin PBXProject section */
		14A3E97E185D26AA00B62004 /* Project object */ = {
			isa = PBXProject;
			attributes = {
				CLASSPREFIX = betaDetroit;
				LastUpgradeCheck = 0500;
				ORGANIZATIONNAME = "Louis Tur";
				TargetAttributes = {
					14A3E9A6185D26AA00B62004 = {
						TestTargetID = 14A3E985185D26AA00B62004;
					};
				};
			};
			buildConfigurationList = 14A3E981185D26AA00B62004 /* Build configuration list for PBXProject "battleEngine" */;
			compatibilityVersion = "Xcode 3.2";
			developmentRegion = English;
			hasScannedForEncodings = 0;
			knownRegions = (
				en,
				Base,
			);
			mainGroup = 14A3E97D185D26AA00B62004;
			productRefGroup = 14A3E987185D26AA00B62004 /* Products */;
			projectDirPath = "";
			projectRoot = "";
			targets = (
				14A3E985185D26AA00B62004 /* battleEngine */,
				14A3E9A6185D26AA00B62004 /* battleEngineTests */,
			);
		};
/* End PBXProject section */

/* Begin PBXResourcesBuildPhase section */
		14A3E984185D26AA00B62004 /* Resources */ = {
			isa = PBXResourcesBuildPhase;
			buildActionMask = 2147483647;
			files = (
				14A3E9D0185D3F3C00B62004 /* background-iphone.png in Resources */,
				14A3E9CE185D3E6B00B62004 /* wizard.png in Resources */,
				14A3E9CD185D3E6B00B62004 /* WaterSprite.png in Resources */,
				14A3E9CB185D3E6B00B62004 /* text box-03.png in Resources */,
				14A3E9D2185D417400B62004 /* text box-iphone copy.png in Resources */,
				14A3E9A2185D26AA00B62004 /* Images.xcassets in Resources */,
				14A3E9C8185D3E6B00B62004 /* knight-03.png in Resources */,
				14A3E9CC185D3E6B00B62004 /* treant-03.png in Resources */,
				14A3E9C7185D3E6B00B62004 /* background.png in Resources */,
				14A3E994185D26AA00B62004 /* InfoPlist.strings in Resources */,
				14A3E9CA185D3E6B00B62004 /* rogue.png in Resources */,
				14A3E9C9185D3E6B00B62004 /* mindflayer.png in Resources */,
				14A3E99D185D26AA00B62004 /* Main.storyboard in Resources */,
			);
			runOnlyForDeploymentPostprocessing = 0;
		};
		14A3E9A5185D26AA00B62004 /* Resources */ = {
			isa = PBXResourcesBuildPhase;
			buildActionMask = 2147483647;
			files = (
				14A3E9B3185D26AA00B62004 /* InfoPlist.strings in Resources */,
			);
			runOnlyForDeploymentPostprocessing = 0;
		};
/* End PBXResourcesBuildPhase section */

/* Begin PBXSourcesBuildPhase section */
		14A3E982185D26AA00B62004 /* Sources */ = {
			isa = PBXSourcesBuildPhase;
			buildActionMask = 2147483647;
			files = (
				14566D65185D92F9000A00A2 /* SysAlerts.m in Sources */,
				14CA7734185D45AD0003E8D0 /* Item.m in Sources */,
				14A349941867A09B00A786BE /* Equipment.m in Sources */,
				14A349971867EC2500A786BE /* Armor.m in Sources */,
				14A3E9A0185D26AA00B62004 /* betaDetroitViewController.m in Sources */,
				14CA772E185D45720003E8D0 /* Unit.m in Sources */,
				14566D5F185D60CE000A00A2 /* Sword.m in Sources */,
				14566D59185D4BC0000A00A2 /* Consumable.m in Sources */,
				3E94F055185E8151001464F6 /* Creatures.m in Sources */,
				14566D62185D61F3000A00A2 /* Container.m in Sources */,
				14566D5C185D4C0B000A00A2 /* Potion.m in Sources */,
				14A3E99A185D26AA00B62004 /* betaDetroitAppDelegate.m in Sources */,
				14A3E996185D26AA00B62004 /* main.m in Sources */,
				14B1C588186157E800AC47C2 /* Weapons.m in Sources */,
				14CA7731185D459A0003E8D0 /* Skills.m in Sources */,
			);
			runOnlyForDeploymentPostprocessing = 0;
		};
		14A3E9A3185D26AA00B62004 /* Sources */ = {
			isa = PBXSourcesBuildPhase;
			buildActionMask = 2147483647;
			files = (
				14A3E9B5185D26AA00B62004 /* battleEngineTests.m in Sources */,
			);
			runOnlyForDeploymentPostprocessing = 0;
		};
/* End PBXSourcesBuildPhase section */

/* Begin PBXTargetDependency section */
		14A3E9AD185D26AA00B62004 /* PBXTargetDependency */ = {
			isa = PBXTargetDependency;
			target = 14A3E985185D26AA00B62004 /* battleEngine */;
			targetProxy = 14A3E9AC185D26AA00B62004 /* PBXContainerItemProxy */;
		};
/* End PBXTargetDependency section */

/* Begin PBXVariantGroup section */
		14A3E992185D26AA00B62004 /* InfoPlist.strings */ = {
			isa = PBXVariantGroup;
			children = (
				14A3E993185D26AA00B62004 /* en */,
			);
			name = InfoPlist.strings;
			sourceTree = "<group>";
		};
		14A3E99B185D26AA00B62004 /* Main.storyboard */ = {
			isa = PBXVariantGroup;
			children = (
				14A3E99C185D26AA00B62004 /* Base */,
			);
			name = Main.storyboard;
			sourceTree = "<group>";
		};
		14A3E9B1185D26AA00B62004 /* InfoPlist.strings */ = {
			isa = PBXVariantGroup;
			children = (
				14A3E9B2185D26AA00B62004 /* en */,
			);
			name = InfoPlist.strings;
			sourceTree = "<group>";
		};
/* End PBXVariantGroup section */

/* Begin XCBuildConfiguration section */
		14A3E9B6185D26AA00B62004 /* Debug */ = {
			isa = XCBuildConfiguration;
			buildSettings = {
				ALWAYS_SEARCH_USER_PATHS = NO;
				ARCHS = "$(ARCHS_STANDARD_INCLUDING_64_BIT)";
				CLANG_CXX_LANGUAGE_STANDARD = "gnu++0x";
				CLANG_CXX_LIBRARY = "libc++";
				CLANG_ENABLE_MODULES = YES;
				CLANG_ENABLE_OBJC_ARC = YES;
				CLANG_WARN_BOOL_CONVERSION = YES;
				CLANG_WARN_CONSTANT_CONVERSION = YES;
				CLANG_WARN_DIRECT_OBJC_ISA_USAGE = YES_ERROR;
				CLANG_WARN_EMPTY_BODY = YES;
				CLANG_WARN_ENUM_CONVERSION = YES;
				CLANG_WARN_INT_CONVERSION = YES;
				CLANG_WARN_OBJC_ROOT_CLASS = YES_ERROR;
				CLANG_WARN__DUPLICATE_METHOD_MATCH = YES;
				"CODE_SIGN_IDENTITY[sdk=iphoneos*]" = "iPhone Developer";
				COPY_PHASE_STRIP = NO;
				GCC_C_LANGUAGE_STANDARD = gnu99;
				GCC_DYNAMIC_NO_PIC = NO;
				GCC_OPTIMIZATION_LEVEL = 0;
				GCC_PREPROCESSOR_DEFINITIONS = (
					"DEBUG=1",
					"$(inherited)",
				);
				GCC_SYMBOLS_PRIVATE_EXTERN = NO;
				GCC_WARN_64_TO_32_BIT_CONVERSION = YES;
				GCC_WARN_ABOUT_RETURN_TYPE = YES_ERROR;
				GCC_WARN_UNDECLARED_SELECTOR = YES;
				GCC_WARN_UNINITIALIZED_AUTOS = YES;
				GCC_WARN_UNUSED_FUNCTION = YES;
				GCC_WARN_UNUSED_VARIABLE = YES;
				IPHONEOS_DEPLOYMENT_TARGET = 7.0;
				ONLY_ACTIVE_ARCH = YES;
				SDKROOT = iphoneos;
			};
			name = Debug;
		};
		14A3E9B7185D26AA00B62004 /* Release */ = {
			isa = XCBuildConfiguration;
			buildSettings = {
				ALWAYS_SEARCH_USER_PATHS = NO;
				ARCHS = "$(ARCHS_STANDARD_INCLUDING_64_BIT)";
				CLANG_CXX_LANGUAGE_STANDARD = "gnu++0x";
				CLANG_CXX_LIBRARY = "libc++";
				CLANG_ENABLE_MODULES = YES;
				CLANG_ENABLE_OBJC_ARC = YES;
				CLANG_WARN_BOOL_CONVERSION = YES;
				CLANG_WARN_CONSTANT_CONVERSION = YES;
				CLANG_WARN_DIRECT_OBJC_ISA_USAGE = YES_ERROR;
				CLANG_WARN_EMPTY_BODY = YES;
				CLANG_WARN_ENUM_CONVERSION = YES;
				CLANG_WARN_INT_CONVERSION = YES;
				CLANG_WARN_OBJC_ROOT_CLASS = YES_ERROR;
				CLANG_WARN__DUPLICATE_METHOD_MATCH = YES;
				"CODE_SIGN_IDENTITY[sdk=iphoneos*]" = "iPhone Developer";
				COPY_PHASE_STRIP = YES;
				ENABLE_NS_ASSERTIONS = NO;
				GCC_C_LANGUAGE_STANDARD = gnu99;
				GCC_WARN_64_TO_32_BIT_CONVERSION = YES;
				GCC_WARN_ABOUT_RETURN_TYPE = YES_ERROR;
				GCC_WARN_UNDECLARED_SELECTOR = YES;
				GCC_WARN_UNINITIALIZED_AUTOS = YES;
				GCC_WARN_UNUSED_FUNCTION = YES;
				GCC_WARN_UNUSED_VARIABLE = YES;
				IPHONEOS_DEPLOYMENT_TARGET = 7.0;
				SDKROOT = iphoneos;
				VALIDATE_PRODUCT = YES;
			};
			name = Release;
		};
		14A3E9B9185D26AA00B62004 /* Debug */ = {
			isa = XCBuildConfiguration;
			buildSettings = {
				ASSETCATALOG_COMPILER_APPICON_NAME = AppIcon;
				ASSETCATALOG_COMPILER_LAUNCHIMAGE_NAME = LaunchImage;
				GCC_PRECOMPILE_PREFIX_HEADER = YES;
				GCC_PREFIX_HEADER = "battleEngine/battleEngine-Prefix.pch";
				INFOPLIST_FILE = "battleEngine/battleEngine-Info.plist";
				PRODUCT_NAME = "$(TARGET_NAME)";
				WRAPPER_EXTENSION = app;
			};
			name = Debug;
		};
		14A3E9BA185D26AA00B62004 /* Release */ = {
			isa = XCBuildConfiguration;
			buildSettings = {
				ASSETCATALOG_COMPILER_APPICON_NAME = AppIcon;
				ASSETCATALOG_COMPILER_LAUNCHIMAGE_NAME = LaunchImage;
				GCC_PRECOMPILE_PREFIX_HEADER = YES;
				GCC_PREFIX_HEADER = "battleEngine/battleEngine-Prefix.pch";
				INFOPLIST_FILE = "battleEngine/battleEngine-Info.plist";
				PRODUCT_NAME = "$(TARGET_NAME)";
				WRAPPER_EXTENSION = app;
			};
			name = Release;
		};
		14A3E9BC185D26AA00B62004 /* Debug */ = {
			isa = XCBuildConfiguration;
			buildSettings = {
				ARCHS = "$(ARCHS_STANDARD_INCLUDING_64_BIT)";
				BUNDLE_LOADER = "$(BUILT_PRODUCTS_DIR)/battleEngine.app/battleEngine";
				FRAMEWORK_SEARCH_PATHS = (
					"$(SDKROOT)/Developer/Library/Frameworks",
					"$(inherited)",
					"$(DEVELOPER_FRAMEWORKS_DIR)",
				);
				GCC_PRECOMPILE_PREFIX_HEADER = YES;
				GCC_PREFIX_HEADER = "battleEngine/battleEngine-Prefix.pch";
				GCC_PREPROCESSOR_DEFINITIONS = (
					"DEBUG=1",
					"$(inherited)",
				);
				INFOPLIST_FILE = "battleEngineTests/battleEngineTests-Info.plist";
				PRODUCT_NAME = "$(TARGET_NAME)";
				TEST_HOST = "$(BUNDLE_LOADER)";
				WRAPPER_EXTENSION = xctest;
			};
			name = Debug;
		};
		14A3E9BD185D26AA00B62004 /* Release */ = {
			isa = XCBuildConfiguration;
			buildSettings = {
				ARCHS = "$(ARCHS_STANDARD_INCLUDING_64_BIT)";
				BUNDLE_LOADER = "$(BUILT_PRODUCTS_DIR)/battleEngine.app/battleEngine";
				FRAMEWORK_SEARCH_PATHS = (
					"$(SDKROOT)/Developer/Library/Frameworks",
					"$(inherited)",
					"$(DEVELOPER_FRAMEWORKS_DIR)",
				);
				GCC_PRECOMPILE_PREFIX_HEADER = YES;
				GCC_PREFIX_HEADER = "battleEngine/battleEngine-Prefix.pch";
				INFOPLIST_FILE = "battleEngineTests/battleEngineTests-Info.plist";
				PRODUCT_NAME = "$(TARGET_NAME)";
				TEST_HOST = "$(BUNDLE_LOADER)";
				WRAPPER_EXTENSION = xctest;
			};
			name = Release;
		};
/* End XCBuildConfiguration section */

/* Begin XCConfigurationList section */
		14A3E981185D26AA00B62004 /* Build configuration list for PBXProject "battleEngine" */ = {
			isa = XCConfigurationList;
			buildConfigurations = (
				14A3E9B6185D26AA00B62004 /* Debug */,
				14A3E9B7185D26AA00B62004 /* Release */,
			);
			defaultConfigurationIsVisible = 0;
			defaultConfigurationName = Release;
		};
		14A3E9B8185D26AA00B62004 /* Build configuration list for PBXNativeTarget "battleEngine" */ = {
			isa = XCConfigurationList;
			buildConfigurations = (
				14A3E9B9185D26AA00B62004 /* Debug */,
				14A3E9BA185D26AA00B62004 /* Release */,
			);
			defaultConfigurationIsVisible = 0;
			defaultConfigurationName = Release;
		};
		14A3E9BB185D26AA00B62004 /* Build configuration list for PBXNativeTarget "battleEngineTests" */ = {
			isa = XCConfigurationList;
			buildConfigurations = (
				14A3E9BC185D26AA00B62004 /* Debug */,
				14A3E9BD185D26AA00B62004 /* Release */,
			);
			defaultConfigurationIsVisible = 0;
			defaultConfigurationName = Release;
		};
/* End XCConfigurationList section */
	};
	rootObject = 14A3E97E185D26AA00B62004 /* Project object */;
}
